
Microsoft Visual Studio Solution File, Format Version 12.00
# Visual Studio Version 17
VisualStudioVersion = 17.8.34525.116
MinimumVisualStudioVersion = 10.0.40219.1
Project("{FAE04EC0-301F-11D3-BF4B-00C04F79EFBC}") = "консольный проводник", "консольный проводник\консольный проводник.csproj", "{6799CF15-D6B5-4572-A813-B93AD36F27A9}"
EndProject
Global
	GlobalSection(SolutionConfigurationPlatforms) = preSolution
		Debug|Any CPU = Debug|Any CPU
		Release|Any CPU = Release|Any CPU
	EndGlobalSection
	GlobalSection(ProjectConfigurationPlatforms) = postSolution
		{6799CF15-D6B5-4572-A813-B93AD36F27A9}.Debug|Any CPU.ActiveCfg = Debug|Any CPU
		{6799CF15-D6B5-4572-A813-B93AD36F27A9}.Debug|Any CPU.Build.0 = Debug|Any CPU
		{6799CF15-D6B5-4572-A813-B93AD36F27A9}.Release|Any CPU.ActiveCfg = Release|Any CPU
		{6799CF15-D6B5-4572-A813-B93AD36F27A9}.Release|Any CPU.Build.0 = Release|Any CPU
	EndGlobalSection
	GlobalSection(SolutionProperties) = preSolution
		HideSolutionNode = FALSE
	EndGlobalSection
	GlobalSection(ExtensibilityGlobals) = postSolution
		SolutionGuid = {87AE568B-42B4-4202-8889-C372223C0637}
	EndGlobalSection
EndGlobal
